
Microsoft Visual Studio Solution File, Format Version 12.00
# Visual Studio Version 16
VisualStudioVersion = 16.0.30611.23
MinimumVisualStudioVersion = 10.0.40219.1
Project("{FAE04EC0-301F-11D3-BF4B-00C04F79EFBC}") = "Igor_Chaikin_test_tasks_4", "Igor_Chaikin_test_tasks_4.csproj", "{6E911583-BD3B-42C8-8EE9-C3DDC998E9BA}"
EndProject
Global
	GlobalSection(SolutionConfigurationPlatforms) = preSolution
		Debug|Any CPU = Debug|Any CPU
		Release|Any CPU = Release|Any CPU
	EndGlobalSection
	GlobalSection(ProjectConfigurationPlatforms) = postSolution
		{6E911583-BD3B-42C8-8EE9-C3DDC998E9BA}.Debug|Any CPU.ActiveCfg = Debug|Any CPU
		{6E911583-BD3B-42C8-8EE9-C3DDC998E9BA}.Debug|Any CPU.Build.0 = Debug|Any CPU
		{6E911583-BD3B-42C8-8EE9-C3DDC998E9BA}.Release|Any CPU.ActiveCfg = Release|Any CPU
		{6E911583-BD3B-42C8-8EE9-C3DDC998E9BA}.Release|Any CPU.Build.0 = Release|Any CPU
	EndGlobalSection
	GlobalSection(SolutionProperties) = preSolution
		HideSolutionNode = FALSE
	EndGlobalSection
	GlobalSection(ExtensibilityGlobals) = postSolution
		SolutionGuid = {6EEC4B0A-F1C6-4212-93E5-BC38B8F2B050}
	EndGlobalSection
EndGlobal
